{
    "_readme": [
        "This file locks the dependencies of your project to a known state",
        "Read more about it at https://getcomposer.org/doc/01-basic-usage.md#composer-lock-the-lock-file",
        "This file is @generated automatically"
    ],
    "hash": "ce453b17b966acdacde178bc8fc4a309",
    "content-hash": "12553b54ec256b627a645a414f2f9c60",
    "packages": [
        {
            "name": "adoy/oauth2",
            "version": "1.3.0",
            "source": {
                "type": "git",
                "url": "https://github.com/adoy/PHP-OAuth2.git",
                "reference": "617d8605955cbb0ca929358fda74eab308c39cfa"
            },
            "dist": {
                "type": "zip",
                "url": "https://api.github.com/repos/adoy/PHP-OAuth2/zipball/617d8605955cbb0ca929358fda74eab308c39cfa",
                "reference": "617d8605955cbb0ca929358fda74eab308c39cfa",
                "shasum": ""
            },
            "require": {
                "php": ">=5.3.0"
            },
            "type": "library",
            "autoload": {
                "psr-0": {
                    "OAuth2": "src/"
                }
            },
            "notification-url": "https://packagist.org/downloads/",
            "license": [
                "LGPL-2.1"
            ],
            "authors": [
                {
                    "name": "Berejeb Anis",
                    "email": "anis.berejeb@gmail.com"
                },
                {
                    "name": "Charron Pierrick",
                    "email": "pierrick@webstart.fr"
                }
            ],
            "description": "Light PHP wrapper for the OAuth 2.0 protocol (based on OAuth 2.0 Authorization Protocol draft-ietf-oauth-v2-15)",
            "time": "2015-08-03 19:57:06"
        },
        {
            "name": "container-interop/container-interop",
            "version": "1.1.0",
            "source": {
                "type": "git",
                "url": "https://github.com/container-interop/container-interop.git",
                "reference": "fc08354828f8fd3245f77a66b9e23a6bca48297e"
            },
            "dist": {
                "type": "zip",
                "url": "https://api.github.com/repos/container-interop/container-interop/zipball/fc08354828f8fd3245f77a66b9e23a6bca48297e",
                "reference": "fc08354828f8fd3245f77a66b9e23a6bca48297e",
                "shasum": ""
            },
            "type": "library",
            "autoload": {
                "psr-4": {
                    "Interop\\Container\\": "src/Interop/Container/"
                }
            },
            "notification-url": "https://packagist.org/downloads/",
            "license": [
                "MIT"
            ],
            "description": "Promoting the interoperability of container objects (DIC, SL, etc.)",
            "time": "2014-12-30 15:22:37"
        },
        {
            "name": "finwo/data-tools",
            "version": "dev-master",
            "source": {
                "type": "git",
                "url": "https://github.com/finwo/data-tools-php.git",
                "reference": "c3e7eaa1f422736eb7e5079452f6fa4bb7aafb73"
            },
            "dist": {
                "type": "zip",
                "url": "https://api.github.com/repos/finwo/data-tools-php/zipball/c3e7eaa1f422736eb7e5079452f6fa4bb7aafb73",
                "reference": "c3e7eaa1f422736eb7e5079452f6fa4bb7aafb73",
                "shasum": ""
            },
            "require": {
                "finwo/property-accessor": "dev-master"
            },
            "type": "library",
            "autoload": {
                "psr-4": {
                    "Finwo\\Datatools\\": "src/"
                }
            },
            "authors": [
                {
                    "name": "Robin Bron",
                    "email": "robin@finwo.nl"
                }
            ],
            "support": {
                "source": "https://github.com/finwo/data-tools-php/tree/master",
                "issues": "https://github.com/finwo/data-tools-php/issues"
            },
            "time": "2016-04-17 17:02:21"
        },
        {
            "name": "finwo/property-accessor",
            "version": "dev-master",
            "source": {
                "type": "git",
                "url": "https://github.com/finwo/property-accessor.git",
                "reference": "434c4355987cf5ebd7475f3124a847d71b3e4152"
            },
            "dist": {
                "type": "zip",
                "url": "https://api.github.com/repos/finwo/property-accessor/zipball/434c4355987cf5ebd7475f3124a847d71b3e4152",
                "reference": "434c4355987cf5ebd7475f3124a847d71b3e4152",
                "shasum": ""
            },
            "type": "library",
            "autoload": {
                "psr-4": {
                    "Finwo\\PropertyAccessor\\": "src/"
                }
            },
            "notification-url": "https://packagist.org/downloads/",
            "authors": [
                {
                    "name": "Robin Bron",
                    "email": "robin@finwo.nl"
                }
            ],
            "time": "2016-04-19 13:13:15"
        },
        {
            "name": "mustangostang/spyc",
            "version": "dev-master",
            "source": {
                "type": "git",
                "url": "https://github.com/mustangostang/spyc.git",
                "reference": "699184c170688363ab82f97afb8085e39d7a1769"
            },
            "dist": {
                "type": "zip",
                "url": "https://api.github.com/repos/mustangostang/spyc/zipball/699184c170688363ab82f97afb8085e39d7a1769",
                "reference": "699184c170688363ab82f97afb8085e39d7a1769",
                "shasum": ""
            },
            "require": {
                "php": ">=5.3.1"
            },
            "require-dev": {
                "phpunit/phpunit": "4.3.*@dev"
            },
            "type": "library",
            "extra": {
                "branch-alias": {
                    "dev-master": "0.5.x-dev"
                }
            },
            "autoload": {
                "files": [
                    "Spyc.php"
                ]
            },
            "notification-url": "https://packagist.org/downloads/",
            "license": [
                "MIT"
            ],
            "authors": [
                {
                    "name": "mustangostang",
                    "email": "vlad.andersen@gmail.com"
                }
            ],
            "description": "A simple YAML loader/dumper class for PHP",
            "homepage": "https://github.com/mustangostang/spyc/",
            "keywords": [
                "spyc",
                "yaml",
                "yml"
            ],
            "time": "2015-08-13 21:51:08"
        },
        {
            "name": "netresearch/jsonmapper",
            "version": "v0.11.0",
            "source": {
                "type": "git",
                "url": "https://github.com/cweiske/jsonmapper.git",
                "reference": "979abda4b128415c642b06f07db615e75cfd3173"
            },
            "dist": {
                "type": "zip",
                "url": "https://api.github.com/repos/cweiske/jsonmapper/zipball/979abda4b128415c642b06f07db615e75cfd3173",
                "reference": "979abda4b128415c642b06f07db615e75cfd3173",
                "shasum": ""
            },
            "require-dev": {
                "phpunit/phpunit": "4.2.*",
                "squizlabs/php_codesniffer": "~1.5"
            },
            "type": "library",
            "autoload": {
                "psr-0": {
                    "JsonMapper": "src/"
                }
            },
            "notification-url": "https://packagist.org/downloads/",
            "license": [
                "OSL-3.0"
            ],
            "authors": [
                {
                    "name": "Christian Weiske",
                    "email": "cweiske@cweiske.de",
                    "homepage": "http://github.com/cweiske/jsonmapper/",
                    "role": "Developer"
                }
            ],
            "description": "Map nested JSON structures onto PHP classes",
            "time": "2016-04-14 21:59:35"
        },
        {
            "name": "php-di/invoker",
            "version": "1.3.0",
            "source": {
                "type": "git",
                "url": "https://github.com/PHP-DI/Invoker.git",
                "reference": "c5c50237115803d7410d13d9d6afb5afe6526fac"
            },
            "dist": {
                "type": "zip",
                "url": "https://api.github.com/repos/PHP-DI/Invoker/zipball/c5c50237115803d7410d13d9d6afb5afe6526fac",
                "reference": "c5c50237115803d7410d13d9d6afb5afe6526fac",
                "shasum": ""
            },
            "require": {
                "container-interop/container-interop": "~1.1"
            },
            "require-dev": {
                "athletic/athletic": "~0.1.8",
                "phpunit/phpunit": "~4.5"
            },
            "type": "library",
            "autoload": {
                "psr-4": {
                    "Invoker\\": "src/"
                }
            },
            "notification-url": "https://packagist.org/downloads/",
            "license": [
                "MIT"
            ],
            "description": "Generic and extensible callable invoker",
            "homepage": "https://github.com/PHP-DI/Invoker",
            "keywords": [
                "callable",
                "dependency",
                "dependency-injection",
                "injection",
                "invoke",
                "invoker"
            ],
            "time": "2016-03-20 17:49:41"
        }
    ],
    "packages-dev": [
        {
            "name": "heroku/heroku-buildpack-php",
            "version": "dev-master",
            "source": {
                "type": "git",
                "url": "https://github.com/heroku/heroku-buildpack-php.git",
                "reference": "efca12bb59ccdebec79cabddd94e7c1ef51de908"
            },
            "dist": {
                "type": "zip",
                "url": "https://api.github.com/repos/heroku/heroku-buildpack-php/zipball/efca12bb59ccdebec79cabddd94e7c1ef51de908",
                "reference": "efca12bb59ccdebec79cabddd94e7c1ef51de908",
                "shasum": ""
            },
            "bin": [
                "bin/heroku-hhvm-apache2",
                "bin/heroku-hhvm-nginx",
                "bin/heroku-php-apache2",
                "bin/heroku-php-nginx"
            ],
            "type": "library",
            "notification-url": "https://packagist.org/downloads/",
            "license": [
                "MIT"
            ],
            "authors": [
                {
                    "name": "David Zuelke",
                    "email": "dz@heroku.com"
                }
            ],
            "description": "Toolkit for starting a PHP application locally, with or without foreman, using the same config for PHP/HHVM and Apache2/Nginx as on Heroku",
            "homepage": "http://github.com/heroku/heroku-buildpack-php",
            "keywords": [
                "apache",
                "apache2",
                "foreman",
                "heroku",
                "hhvm",
                "nginx",
                "php"
            ],
            "time": "2016-04-12 02:41:29"
        }
    ],
    "aliases": [],
    "minimum-stability": "dev",
    "stability-flags": {
        "finwo/property-accessor": 20,
        "finwo/data-tools": 20,
        "heroku/heroku-buildpack-php": 20
    },
    "prefer-stable": false,
    "prefer-lowest": false,
    "platform": {
        "php": ">=5.3",
        "ext-curl": "*"
    },
    "platform-dev": []
}
